// !$*UTF8*$!
{
	archiveVersion = 1;
	classes = {
	};
	objectVersion = 46;
	objects = {

/* Begin PBXBuildFile section */
		7F0721C8162DB87A00B23082 /* Model.xcdatamodeld in Sources */ = {isa = PBXBuildFile; fileRef = 7F0721C6162DB87A00B23082 /* Model.xcdatamodeld */; };
		7F0721CB162DB92100B23082 /* CoreData.framework in Frameworks */ = {isa = PBXBuildFile; fileRef = 7F0721CA162DB92100B23082 /* CoreData.framework */; };
		7F0721CD162DBD3400B23082 /* DBABase.h in Resources */ = {isa = PBXBuildFile; fileRef = 7F0721CC162DBD3400B23082 /* DBABase.h */; };
		7F0721CF162DBD4C00B23082 /* DBABase.m in Resources */ = {isa = PBXBuildFile; fileRef = 7F0721CE162DBD4C00B23082 /* DBABase.m */; };
		7FB8811A163D99F7009C0DF7 /* payment.m in Sources */ = {isa = PBXBuildFile; fileRef = 7FB88119163D99F7009C0DF7 /* payment.m */; };
		7FE76731162C647F001DB131 /* UIKit.framework in Frameworks */ = {isa = PBXBuildFile; fileRef = 7FE76730162C647F001DB131 /* UIKit.framework */; };
		7FE76733162C647F001DB131 /* Foundation.framework in Frameworks */ = {isa = PBXBuildFile; fileRef = 7FE76732162C647F001DB131 /* Foundation.framework */; };
		7FE76735162C647F001DB131 /* CoreGraphics.framework in Frameworks */ = {isa = PBXBuildFile; fileRef = 7FE76734162C647F001DB131 /* CoreGraphics.framework */; };
		7FE7673B162C647F001DB131 /* InfoPlist.strings in Resources */ = {isa = PBXBuildFile; fileRef = 7FE76739162C647F001DB131 /* InfoPlist.strings */; };
		7FE7673D162C647F001DB131 /* main.m in Sources */ = {isa = PBXBuildFile; fileRef = 7FE7673C162C647F001DB131 /* main.m */; };
		7FE76741162C647F001DB131 /* AppDelegate.m in Sources */ = {isa = PBXBuildFile; fileRef = 7FE76740162C647F001DB131 /* AppDelegate.m */; };
		7FE76743162C647F001DB131 /* Default.png in Resources */ = {isa = PBXBuildFile; fileRef = 7FE76742162C647F001DB131 /* Default.png */; };
		7FE76745162C647F001DB131 /* Default@2x.png in Resources */ = {isa = PBXBuildFile; fileRef = 7FE76744162C647F001DB131 /* Default@2x.png */; };
		7FE76747162C647F001DB131 /* Default-568h@2x.png in Resources */ = {isa = PBXBuildFile; fileRef = 7FE76746162C647F001DB131 /* Default-568h@2x.png */; };
		7FE7674A162C647F001DB131 /* MainStoryboard.storyboard in Resources */ = {isa = PBXBuildFile; fileRef = 7FE76748162C647F001DB131 /* MainStoryboard.storyboard */; };
		7FE7674D162C647F001DB131 /* Start.m in Sources */ = {isa = PBXBuildFile; fileRef = 7FE7674C162C647F001DB131 /* Start.m */; };
		7FE76755162C647F001DB131 /* SenTestingKit.framework in Frameworks */ = {isa = PBXBuildFile; fileRef = 7FE76754162C647F001DB131 /* SenTestingKit.framework */; };
		7FE76756162C647F001DB131 /* UIKit.framework in Frameworks */ = {isa = PBXBuildFile; fileRef = 7FE76730162C647F001DB131 /* UIKit.framework */; };
		7FE76757162C647F001DB131 /* Foundation.framework in Frameworks */ = {isa = PBXBuildFile; fileRef = 7FE76732162C647F001DB131 /* Foundation.framework */; };
		7FE7675F162C647F001DB131 /* InfoPlist.strings in Resources */ = {isa = PBXBuildFile; fileRef = 7FE7675D162C647F001DB131 /* InfoPlist.strings */; };
		7FE76762162C647F001DB131 /* RegisterTests.m in Sources */ = {isa = PBXBuildFile; fileRef = 7FE76761162C647F001DB131 /* RegisterTests.m */; };
		7FE76771162C69F1001DB131 /* Accounts.m in Sources */ = {isa = PBXBuildFile; fileRef = 7FE76770162C69F1001DB131 /* Accounts.m */; };
/* End PBXBuildFile section */

/* Begin PBXContainerItemProxy section */
		7FE76758162C647F001DB131 /* PBXContainerItemProxy */ = {
			isa = PBXContainerItemProxy;
			containerPortal = 7FE76723162C647F001DB131 /* Project object */;
			proxyType = 1;
			remoteGlobalIDString = 7FE7672B162C647F001DB131;
			remoteInfo = Register;
		};
/* End PBXContainerItemProxy section */

/* Begin PBXFileReference section */
		7F0721C7162DB87A00B23082 /* Model.xcdatamodel */ = {isa = PBXFileReference; lastKnownFileType = wrapper.xcdatamodel; path = Model.xcdatamodel; sourceTree = "<group>"; };
		7F0721CA162DB92100B23082 /* CoreData.framework */ = {isa = PBXFileReference; lastKnownFileType = wrapper.framework; name = CoreData.framework; path = System/Library/Frameworks/CoreData.framework; sourceTree = SDKROOT; };
		7F0721CC162DBD3400B23082 /* DBABase.h */ = {isa = PBXFileReference; fileEncoding = 4; lastKnownFileType = sourcecode.c.h; path = DBABase.h; sourceTree = "<group>"; };
		7F0721CE162DBD4C00B23082 /* DBABase.m */ = {isa = PBXFileReference; fileEncoding = 4; lastKnownFileType = sourcecode.c.objc; path = DBABase.m; sourceTree = "<group>"; };
		7FB88118163D99F7009C0DF7 /* payment.h */ = {isa = PBXFileReference; fileEncoding = 4; lastKnownFileType = sourcecode.c.h; path = payment.h; sourceTree = "<group>"; };
		7FB88119163D99F7009C0DF7 /* payment.m */ = {isa = PBXFileReference; fileEncoding = 4; lastKnownFileType = sourcecode.c.objc; path = payment.m; sourceTree = "<group>"; };
		7FE7672C162C647F001DB131 /* Register.app */ = {isa = PBXFileReference; explicitFileType = wrapper.application; includeInIndex = 0; path = Register.app; sourceTree = BUILT_PRODUCTS_DIR; };
		7FE76730162C647F001DB131 /* UIKit.framework */ = {isa = PBXFileReference; lastKnownFileType = wrapper.framework; name = UIKit.framework; path = System/Library/Frameworks/UIKit.framework; sourceTree = SDKROOT; };
		7FE76732162C647F001DB131 /* Foundation.framework */ = {isa = PBXFileReference; lastKnownFileType = wrapper.framework; name = Foundation.framework; path = System/Library/Frameworks/Foundation.framework; sourceTree = SDKROOT; };
		7FE76734162C647F001DB131 /* CoreGraphics.framework */ = {isa = PBXFileReference; lastKnownFileType = wrapper.framework; name = CoreGraphics.framework; path = System/Library/Frameworks/CoreGraphics.framework; sourceTree = SDKROOT; };
		7FE76738162C647F001DB131 /* Register-Info.plist */ = {isa = PBXFileReference; lastKnownFileType = text.plist.xml; path = "Register-Info.plist"; sourceTree = "<group>"; };
		7FE7673A162C647F001DB131 /* en */ = {isa = PBXFileReference; lastKnownFileType = text.plist.strings; name = en; path = en.lproj/InfoPlist.strings; sourceTree = "<group>"; };
		7FE7673C162C647F001DB131 /* main.m */ = {isa = PBXFileReference; lastKnownFileType = sourcecode.c.objc; path = main.m; sourceTree = "<group>"; };
		7FE7673E162C647F001DB131 /* Register-Prefix.pch */ = {isa = PBXFileReference; lastKnownFileType = sourcecode.c.h; path = "Register-Prefix.pch"; sourceTree = "<group>"; };
		7FE7673F162C647F001DB131 /* AppDelegate.h */ = {isa = PBXFileReference; lastKnownFileType = sourcecode.c.h; path = AppDelegate.h; sourceTree = "<group>"; };
		7FE76740162C647F001DB131 /* AppDelegate.m */ = {isa = PBXFileReference; lastKnownFileType = sourcecode.c.objc; path = AppDelegate.m; sourceTree = "<group>"; };
		7FE76742162C647F001DB131 /* Default.png */ = {isa = PBXFileReference; lastKnownFileType = image.png; path = Default.png; sourceTree = "<group>"; };
		7FE76744162C647F001DB131 /* Default@2x.png */ = {isa = PBXFileReference; lastKnownFileType = image.png; path = "Default@2x.png"; sourceTree = "<group>"; };
		7FE76746162C647F001DB131 /* Default-568h@2x.png */ = {isa = PBXFileReference; lastKnownFileType = image.png; path = "Default-568h@2x.png"; sourceTree = "<group>"; };
		7FE76749162C647F001DB131 /* en */ = {isa = PBXFileReference; lastKnownFileType = file.storyboard; name = en; path = en.lproj/MainStoryboard.storyboard; sourceTree = "<group>"; };
		7FE7674C162C647F001DB131 /* Start.m */ = {isa = PBXFileReference; lastKnownFileType = sourcecode.c.objc; path = Start.m; sourceTree = "<group>"; };
		7FE76753162C647F001DB131 /* RegisterTests.octest */ = {isa = PBXFileReference; explicitFileType = wrapper.cfbundle; includeInIndex = 0; path = RegisterTests.octest; sourceTree = BUILT_PRODUCTS_DIR; };
		7FE76754162C647F001DB131 /* SenTestingKit.framework */ = {isa = PBXFileReference; lastKnownFileType = wrapper.framework; name = SenTestingKit.framework; path = Library/Frameworks/SenTestingKit.framework; sourceTree = DEVELOPER_DIR; };
		7FE7675C162C647F001DB131 /* RegisterTests-Info.plist */ = {isa = PBXFileReference; lastKnownFileType = text.plist.xml; path = "RegisterTests-Info.plist"; sourceTree = "<group>"; };
		7FE7675E162C647F001DB131 /* en */ = {isa = PBXFileReference; lastKnownFileType = text.plist.strings; name = en; path = en.lproj/InfoPlist.strings; sourceTree = "<group>"; };
		7FE76760162C647F001DB131 /* RegisterTests.h */ = {isa = PBXFileReference; lastKnownFileType = sourcecode.c.h; path = RegisterTests.h; sourceTree = "<group>"; };
		7FE76761162C647F001DB131 /* RegisterTests.m */ = {isa = PBXFileReference; lastKnownFileType = sourcecode.c.objc; path = RegisterTests.m; sourceTree = "<group>"; };
		7FE7676D162C697D001DB131 /* Start.h */ = {isa = PBXFileReference; fileEncoding = 4; lastKnownFileType = sourcecode.c.h; path = Start.h; sourceTree = "<group>"; };
		7FE76770162C69F1001DB131 /* Accounts.m */ = {isa = PBXFileReference; fileEncoding = 4; lastKnownFileType = sourcecode.c.objc; path = Accounts.m; sourceTree = "<group>"; };
		7FE76772162C6FD5001DB131 /* Accounts.h */ = {isa = PBXFileReference; fileEncoding = 4; lastKnownFileType = sourcecode.c.h; path = Accounts.h; sourceTree = "<group>"; };
/* End PBXFileReference section */

/* Begin PBXFrameworksBuildPhase section */
		7FE76729162C647F001DB131 /* Frameworks */ = {
			isa = PBXFrameworksBuildPhase;
			buildActionMask = 2147483647;
			files = (
				7F0721CB162DB92100B23082 /* CoreData.framework in Frameworks */,
				7FE76731162C647F001DB131 /* UIKit.framework in Frameworks */,
				7FE76733162C647F001DB131 /* Foundation.framework in Frameworks */,
				7FE76735162C647F001DB131 /* CoreGraphics.framework in Frameworks */,
			);
			runOnlyForDeploymentPostprocessing = 0;
		};
		7FE7674F162C647F001DB131 /* Frameworks */ = {
			isa = PBXFrameworksBuildPhase;
			buildActionMask = 2147483647;
			files = (
				7FE76755162C647F001DB131 /* SenTestingKit.framework in Frameworks */,
				7FE76756162C647F001DB131 /* UIKit.framework in Frameworks */,
				7FE76757162C647F001DB131 /* Foundation.framework in Frameworks */,
			);
			runOnlyForDeploymentPostprocessing = 0;
		};
/* End PBXFrameworksBuildPhase section */

/* Begin PBXGroup section */
		7F0721C9162DB88000B23082 /* DBAbase */ = {
			isa = PBXGroup;
			children = (
				7F0721CC162DBD3400B23082 /* DBABase.h */,
				7F0721CE162DBD4C00B23082 /* DBABase.m */,
			);
			name = DBAbase;
			sourceTree = "<group>";
		};
		7F0721D4162DBF6800B23082 /* DBAccess */ = {
			isa = PBXGroup;
			children = (
				7F0721C6162DB87A00B23082 /* Model.xcdatamodeld */,
				7F0721C9162DB88000B23082 /* DBAbase */,
			);
			name = DBAccess;
			sourceTree = "<group>";
		};
		7FB88113163D99A5009C0DF7 /* 会計メイン */ = {
			isa = PBXGroup;
			children = (
				7FE76772162C6FD5001DB131 /* Accounts.h */,
				7FE76770162C69F1001DB131 /* Accounts.m */,
			);
			name = "会計メイン";
			sourceTree = "<group>";
		};
		7FB88114163D99B1009C0DF7 /* 支払い */ = {
			isa = PBXGroup;
			children = (
				7FB88118163D99F7009C0DF7 /* payment.h */,
				7FB88119163D99F7009C0DF7 /* payment.m */,
			);
			name = "支払い";
			sourceTree = "<group>";
		};
		7FE76721162C647F001DB131 = {
			isa = PBXGroup;
			children = (
				7FE76736162C647F001DB131 /* Register */,
				7FE7675A162C647F001DB131 /* RegisterTests */,
				7FE7672F162C647F001DB131 /* Frameworks */,
				7FE7672D162C647F001DB131 /* Products */,
			);
			sourceTree = "<group>";
		};
		7FE7672D162C647F001DB131 /* Products */ = {
			isa = PBXGroup;
			children = (
				7FE7672C162C647F001DB131 /* Register.app */,
				7FE76753162C647F001DB131 /* RegisterTests.octest */,
			);
			name = Products;
			sourceTree = "<group>";
		};
		7FE7672F162C647F001DB131 /* Frameworks */ = {
			isa = PBXGroup;
			children = (
				7F0721CA162DB92100B23082 /* CoreData.framework */,
				7FE76730162C647F001DB131 /* UIKit.framework */,
				7FE76732162C647F001DB131 /* Foundation.framework */,
				7FE76734162C647F001DB131 /* CoreGraphics.framework */,
				7FE76754162C647F001DB131 /* SenTestingKit.framework */,
			);
			name = Frameworks;
			sourceTree = "<group>";
		};
		7FE76736162C647F001DB131 /* Register */ = {
			isa = PBXGroup;
			children = (
				7F0721D4162DBF6800B23082 /* DBAccess */,
				7FE76737162C647F001DB131 /* Main */,
				7FE7676E162C69AC001DB131 /* 会計 */,
				7FE7676B162C6516001DB131 /* 業務開始 */,
			);
			path = Register;
			sourceTree = "<group>";
		};
		7FE76737162C647F001DB131 /* Main */ = {
			isa = PBXGroup;
			children = (
				7FE7673F162C647F001DB131 /* AppDelegate.h */,
				7FE76740162C647F001DB131 /* AppDelegate.m */,
				7FE76738162C647F001DB131 /* Register-Info.plist */,
				7FE76739162C647F001DB131 /* InfoPlist.strings */,
				7FE76748162C647F001DB131 /* MainStoryboard.storyboard */,
				7FE7673C162C647F001DB131 /* main.m */,
				7FE7673E162C647F001DB131 /* Register-Prefix.pch */,
				7FE76742162C647F001DB131 /* Default.png */,
				7FE76744162C647F001DB131 /* Default@2x.png */,
				7FE76746162C647F001DB131 /* Default-568h@2x.png */,
			);
			name = Main;
			sourceTree = "<group>";
		};
		7FE7675A162C647F001DB131 /* RegisterTests */ = {
			isa = PBXGroup;
			children = (
				7FE76760162C647F001DB131 /* RegisterTests.h */,
				7FE76761162C647F001DB131 /* RegisterTests.m */,
				7FE7675B162C647F001DB131 /* Supporting Files */,
			);
			path = RegisterTests;
			sourceTree = "<group>";
		};
		7FE7675B162C647F001DB131 /* Supporting Files */ = {
			isa = PBXGroup;
			children = (
				7FE7675C162C647F001DB131 /* RegisterTests-Info.plist */,
				7FE7675D162C647F001DB131 /* InfoPlist.strings */,
			);
			name = "Supporting Files";
			sourceTree = "<group>";
		};
		7FE7676B162C6516001DB131 /* 業務開始 */ = {
			isa = PBXGroup;
			children = (
				7FE7676D162C697D001DB131 /* Start.h */,
				7FE7674C162C647F001DB131 /* Start.m */,
			);
			name = "業務開始";
			sourceTree = "<group>";
		};
		7FE7676E162C69AC001DB131 /* 会計 */ = {
			isa = PBXGroup;
			children = (
				7FB88114163D99B1009C0DF7 /* 支払い */,
				7FB88113163D99A5009C0DF7 /* 会計メイン */,
			);
			name = "会計";
			sourceTree = "<group>";
		};
/* End PBXGroup section */

/* Begin PBXNativeTarget section */
		7FE7672B162C647F001DB131 /* Register */ = {
			isa = PBXNativeTarget;
			buildConfigurationList = 7FE76765162C647F001DB131 /* Build configuration list for PBXNativeTarget "Register" */;
			buildPhases = (
				7FE76728162C647F001DB131 /* Sources */,
				7FE76729162C647F001DB131 /* Frameworks */,
				7FE7672A162C647F001DB131 /* Resources */,
			);
			buildRules = (
			);
			dependencies = (
			);
			name = Register;
			productName = Register;
			productReference = 7FE7672C162C647F001DB131 /* Register.app */;
			productType = "com.apple.product-type.application";
		};
		7FE76752162C647F001DB131 /* RegisterTests */ = {
			isa = PBXNativeTarget;
			buildConfigurationList = 7FE76768162C647F001DB131 /* Build configuration list for PBXNativeTarget "RegisterTests" */;
			buildPhases = (
				7FE7674E162C647F001DB131 /* Sources */,
				7FE7674F162C647F001DB131 /* Frameworks */,
				7FE76750162C647F001DB131 /* Resources */,
				7FE76751162C647F001DB131 /* ShellScript */,
			);
			buildRules = (
			);
			dependencies = (
				7FE76759162C647F001DB131 /* PBXTargetDependency */,
			);
			name = RegisterTests;
			productName = RegisterTests;
			productReference = 7FE76753162C647F001DB131 /* RegisterTests.octest */;
			productType = "com.apple.product-type.bundle";
		};
/* End PBXNativeTarget section */

/* Begin PBXProject section */
		7FE76723162C647F001DB131 /* Project object */ = {
			isa = PBXProject;
			attributes = {
				LastUpgradeCheck = 0450;
				ORGANIZATIONNAME = "山田 勇気";
			};
			buildConfigurationList = 7FE76726162C647F001DB131 /* Build configuration list for PBXProject "Register" */;
			compatibilityVersion = "Xcode 3.2";
			developmentRegion = English;
			hasScannedForEncodings = 0;
			knownRegions = (
				en,
			);
			mainGroup = 7FE76721162C647F001DB131;
			productRefGroup = 7FE7672D162C647F001DB131 /* Products */;
			projectDirPath = "";
			projectRoot = "";
			targets = (
				7FE7672B162C647F001DB131 /* Register */,
				7FE76752162C647F001DB131 /* RegisterTests */,
			);
		};
/* End PBXProject section */

/* Begin PBXResourcesBuildPhase section */
		7FE7672A162C647F001DB131 /* Resources */ = {
			isa = PBXResourcesBuildPhase;
			buildActionMask = 2147483647;
			files = (
				7FE7673B162C647F001DB131 /* InfoPlist.strings in Resources */,
				7FE76743162C647F001DB131 /* Default.png in Resources */,
				7FE76745162C647F001DB131 /* Default@2x.png in Resources */,
				7FE76747162C647F001DB131 /* Default-568h@2x.png in Resources */,
				7FE7674A162C647F001DB131 /* MainStoryboard.storyboard in Resources */,
				7F0721CD162DBD3400B23082 /* DBABase.h in Resources */,
				7F0721CF162DBD4C00B23082 /* DBABase.m in Resources */,
			);
			runOnlyForDeploymentPostprocessing = 0;
		};
		7FE76750162C647F001DB131 /* Resources */ = {
			isa = PBXResourcesBuildPhase;
			buildActionMask = 2147483647;
			files = (
				7FE7675F162C647F001DB131 /* InfoPlist.strings in Resources */,
			);
			runOnlyForDeploymentPostprocessing = 0;
		};
/* End PBXResourcesBuildPhase section */

/* Begin PBXShellScriptBuildPhase section */
		7FE76751162C647F001DB131 /* ShellScript */ = {
			isa = PBXShellScriptBuildPhase;
			buildActionMask = 2147483647;
			files = (
			);
			inputPaths = (
			);
			outputPaths = (
			);
			runOnlyForDeploymentPostprocessing = 0;
			shellPath = /bin/sh;
			shellScript = "# Run the unit tests in this test bundle.\n\"${SYSTEM_DEVELOPER_DIR}/Tools/RunUnitTests\"\n";
		};
/* End PBXShellScriptBuildPhase section */

/* Begin PBXSourcesBuildPhase section */
		7FE76728162C647F001DB131 /* Sources */ = {
			isa = PBXSourcesBuildPhase;
			buildActionMask = 2147483647;
			files = (
				7FE7673D162C647F001DB131 /* main.m in Sources */,
				7FE76741162C647F001DB131 /* AppDelegate.m in Sources */,
				7FE7674D162C647F001DB131 /* Start.m in Sources */,
				7FE76771162C69F1001DB131 /* Accounts.m in Sources */,
				7F0721C8162DB87A00B23082 /* Model.xcdatamodeld in Sources */,
				7FB8811A163D99F7009C0DF7 /* payment.m in Sources */,
			);
			runOnlyForDeploymentPostprocessing = 0;
		};
		7FE7674E162C647F001DB131 /* Sources */ = {
			isa = PBXSourcesBuildPhase;
			buildActionMask = 2147483647;
			files = (
				7FE76762162C647F001DB131 /* RegisterTests.m in Sources */,
			);
			runOnlyForDeploymentPostprocessing = 0;
		};
/* End PBXSourcesBuildPhase section */

/* Begin PBXTargetDependency section */
		7FE76759162C647F001DB131 /* PBXTargetDependency */ = {
			isa = PBXTargetDependency;
			target = 7FE7672B162C647F001DB131 /* Register */;
			targetProxy = 7FE76758162C647F001DB131 /* PBXContainerItemProxy */;
		};
/* End PBXTargetDependency section */

/* Begin PBXVariantGroup section */
		7FE76739162C647F001DB131 /* InfoPlist.strings */ = {
			isa = PBXVariantGroup;
			children = (
				7FE7673A162C647F001DB131 /* en */,
			);
			name = InfoPlist.strings;
			sourceTree = "<group>";
		};
		7FE76748162C647F001DB131 /* MainStoryboard.storyboard */ = {
			isa = PBXVariantGroup;
			children = (
				7FE76749162C647F001DB131 /* en */,
			);
			name = MainStoryboard.storyboard;
			sourceTree = "<group>";
		};
		7FE7675D162C647F001DB131 /* InfoPlist.strings */ = {
			isa = PBXVariantGroup;
			children = (
				7FE7675E162C647F001DB131 /* en */,
			);
			name = InfoPlist.strings;
			sourceTree = "<group>";
		};
/* End PBXVariantGroup section */

/* Begin XCBuildConfiguration section */
		7FE76763162C647F001DB131 /* Debug */ = {
			isa = XCBuildConfiguration;
			buildSettings = {
				ALWAYS_SEARCH_USER_PATHS = NO;
				CLANG_CXX_LANGUAGE_STANDARD = "gnu++0x";
				CLANG_CXX_LIBRARY = "libc++";
				CLANG_ENABLE_OBJC_ARC = YES;
				CLANG_WARN_EMPTY_BODY = YES;
				CLANG_WARN__DUPLICATE_METHOD_MATCH = YES;
				"CODE_SIGN_IDENTITY[sdk=iphoneos*]" = "iPhone Developer";
				COPY_PHASE_STRIP = NO;
				GCC_C_LANGUAGE_STANDARD = gnu99;
				GCC_DYNAMIC_NO_PIC = NO;
				GCC_OPTIMIZATION_LEVEL = 0;
				GCC_PREPROCESSOR_DEFINITIONS = (
					"DEBUG=1",
					"$(inherited)",
				);
				GCC_SYMBOLS_PRIVATE_EXTERN = NO;
				GCC_WARN_ABOUT_RETURN_TYPE = YES;
				GCC_WARN_UNINITIALIZED_AUTOS = YES;
				GCC_WARN_UNUSED_VARIABLE = YES;
				IPHONEOS_DEPLOYMENT_TARGET = 6.0;
				ONLY_ACTIVE_ARCH = YES;
				SDKROOT = iphoneos;
				TARGETED_DEVICE_FAMILY = 2;
			};
			name = Debug;
		};
		7FE76764162C647F001DB131 /* Release */ = {
			isa = XCBuildConfiguration;
			buildSettings = {
				ALWAYS_SEARCH_USER_PATHS = NO;
				CLANG_CXX_LANGUAGE_STANDARD = "gnu++0x";
				CLANG_CXX_LIBRARY = "libc++";
				CLANG_ENABLE_OBJC_ARC = YES;
				CLANG_WARN_EMPTY_BODY = YES;
				CLANG_WARN__DUPLICATE_METHOD_MATCH = YES;
				"CODE_SIGN_IDENTITY[sdk=iphoneos*]" = "iPhone Developer";
				COPY_PHASE_STRIP = YES;
				GCC_C_LANGUAGE_STANDARD = gnu99;
				GCC_WARN_ABOUT_RETURN_TYPE = YES;
				GCC_WARN_UNINITIALIZED_AUTOS = YES;
				GCC_WARN_UNUSED_VARIABLE = YES;
				IPHONEOS_DEPLOYMENT_TARGET = 6.0;
				OTHER_CFLAGS = "-DNS_BLOCK_ASSERTIONS=1";
				SDKROOT = iphoneos;
				TARGETED_DEVICE_FAMILY = 2;
				VALIDATE_PRODUCT = YES;
			};
			name = Release;
		};
		7FE76766162C647F001DB131 /* Debug */ = {
			isa = XCBuildConfiguration;
			buildSettings = {
				GCC_PRECOMPILE_PREFIX_HEADER = YES;
				GCC_PREFIX_HEADER = "Register/Register-Prefix.pch";
				INFOPLIST_FILE = "Register/Register-Info.plist";
				PRODUCT_NAME = "$(TARGET_NAME)";
				WRAPPER_EXTENSION = app;
			};
			name = Debug;
		};
		7FE76767162C647F001DB131 /* Release */ = {
			isa = XCBuildConfiguration;
			buildSettings = {
				GCC_PRECOMPILE_PREFIX_HEADER = YES;
				GCC_PREFIX_HEADER = "Register/Register-Prefix.pch";
				INFOPLIST_FILE = "Register/Register-Info.plist";
				PRODUCT_NAME = "$(TARGET_NAME)";
				WRAPPER_EXTENSION = app;
			};
			name = Release;
		};
		7FE76769162C647F001DB131 /* Debug */ = {
			isa = XCBuildConfiguration;
			buildSettings = {
				BUNDLE_LOADER = "$(BUILT_PRODUCTS_DIR)/Register.app/Register";
				FRAMEWORK_SEARCH_PATHS = (
					"\"$(SDKROOT)/Developer/Library/Frameworks\"",
					"\"$(DEVELOPER_LIBRARY_DIR)/Frameworks\"",
				);
				GCC_PRECOMPILE_PREFIX_HEADER = YES;
				GCC_PREFIX_HEADER = "Register/Register-Prefix.pch";
				INFOPLIST_FILE = "RegisterTests/RegisterTests-Info.plist";
				PRODUCT_NAME = "$(TARGET_NAME)";
				TEST_HOST = "$(BUNDLE_LOADER)";
				WRAPPER_EXTENSION = octest;
			};
			name = Debug;
		};
		7FE7676A162C647F001DB131 /* Release */ = {
			isa = XCBuildConfiguration;
			buildSettings = {
				BUNDLE_LOADER = "$(BUILT_PRODUCTS_DIR)/Register.app/Register";
				FRAMEWORK_SEARCH_PATHS = (
					"\"$(SDKROOT)/Developer/Library/Frameworks\"",
					"\"$(DEVELOPER_LIBRARY_DIR)/Frameworks\"",
				);
				GCC_PRECOMPILE_PREFIX_HEADER = YES;
				GCC_PREFIX_HEADER = "Register/Register-Prefix.pch";
				INFOPLIST_FILE = "RegisterTests/RegisterTests-Info.plist";
				PRODUCT_NAME = "$(TARGET_NAME)";
				TEST_HOST = "$(BUNDLE_LOADER)";
				WRAPPER_EXTENSION = octest;
			};
			name = Release;
		};
/* End XCBuildConfiguration section */

/* Begin XCConfigurationList section */
		7FE76726162C647F001DB131 /* Build configuration list for PBXProject "Register" */ = {
			isa = XCConfigurationList;
			buildConfigurations = (
				7FE76763162C647F001DB131 /* Debug */,
				7FE76764162C647F001DB131 /* Release */,
			);
			defaultConfigurationIsVisible = 0;
			defaultConfigurationName = Release;
		};
		7FE76765162C647F001DB131 /* Build configuration list for PBXNativeTarget "Register" */ = {
			isa = XCConfigurationList;
			buildConfigurations = (
				7FE76766162C647F001DB131 /* Debug */,
				7FE76767162C647F001DB131 /* Release */,
			);
			defaultConfigurationIsVisible = 0;
			defaultConfigurationName = Release;
		};
		7FE76768162C647F001DB131 /* Build configuration list for PBXNativeTarget "RegisterTests" */ = {
			isa = XCConfigurationList;
			buildConfigurations = (
				7FE76769162C647F001DB131 /* Debug */,
				7FE7676A162C647F001DB131 /* Release */,
			);
			defaultConfigurationIsVisible = 0;
			defaultConfigurationName = Release;
		};
/* End XCConfigurationList section */

/* Begin XCVersionGroup section */
		7F0721C6162DB87A00B23082 /* Model.xcdatamodeld */ = {
			isa = XCVersionGroup;
			children = (
				7F0721C7162DB87A00B23082 /* Model.xcdatamodel */,
			);
			currentVersion = 7F0721C7162DB87A00B23082 /* Model.xcdatamodel */;
			path = Model.xcdatamodeld;
			sourceTree = "<group>";
			versionGroupType = wrapper.xcdatamodel;
		};
/* End XCVersionGroup section */
	};
	rootObject = 7FE76723162C647F001DB131 /* Project object */;
}
